// !$*UTF8*$!
{
	archiveVersion = 1;
	classes = {
	};
	objectVersion = 56;
	objects = {

/* Begin PBXBuildFile section */
		C6473F752A8F88B400A7B62D /* MovieDetailViewController.swift in Sources */ = {isa = PBXBuildFile; fileRef = C6473F742A8F88B400A7B62D /* MovieDetailViewController.swift */; };
		C6473F772A8FF1C700A7B62D /* webViewController.swift in Sources */ = {isa = PBXBuildFile; fileRef = C6473F762A8FF1C700A7B62D /* webViewController.swift */; };
		C6659A602A8E4D70008562B0 /* AppDelegate.swift in Sources */ = {isa = PBXBuildFile; fileRef = C6659A5F2A8E4D70008562B0 /* AppDelegate.swift */; };
		C6659A622A8E4D70008562B0 /* SceneDelegate.swift in Sources */ = {isa = PBXBuildFile; fileRef = C6659A612A8E4D70008562B0 /* SceneDelegate.swift */; };
		C6659A672A8E4D70008562B0 /* Main.storyboard in Resources */ = {isa = PBXBuildFile; fileRef = C6659A652A8E4D70008562B0 /* Main.storyboard */; };
		C6659A692A8E4D74008562B0 /* Assets.xcassets in Resources */ = {isa = PBXBuildFile; fileRef = C6659A682A8E4D74008562B0 /* Assets.xcassets */; };
		C6659A6C2A8E4D74008562B0 /* LaunchScreen.storyboard in Resources */ = {isa = PBXBuildFile; fileRef = C6659A6A2A8E4D74008562B0 /* LaunchScreen.storyboard */; };
		C6659A782A8E5885008562B0 /* ListTableViewCell.swift in Sources */ = {isa = PBXBuildFile; fileRef = C6659A772A8E5885008562B0 /* ListTableViewCell.swift */; };
		C6659A7A2A8E58AC008562B0 /* SearchTableViewCell.swift in Sources */ = {isa = PBXBuildFile; fileRef = C6659A792A8E58AC008562B0 /* SearchTableViewCell.swift */; };
		C6659A7C2A8E72E6008562B0 /* Movie.swift in Sources */ = {isa = PBXBuildFile; fileRef = C6659A7B2A8E72E6008562B0 /* Movie.swift */; };
		C6659A7F2A8F4E76008562B0 /* MovieListViewController.swift in Sources */ = {isa = PBXBuildFile; fileRef = C6659A7E2A8F4E76008562B0 /* MovieListViewController.swift */; };
		C6B21E7E2A8F5B83001018A0 /* Kingfisher in Frameworks */ = {isa = PBXBuildFile; productRef = C6B21E7D2A8F5B83001018A0 /* Kingfisher */; };
/* End PBXBuildFile section */

/* Begin PBXFileReference section */
		C6473F742A8F88B400A7B62D /* MovieDetailViewController.swift */ = {isa = PBXFileReference; lastKnownFileType = sourcecode.swift; path = MovieDetailViewController.swift; sourceTree = "<group>"; };
		C6473F762A8FF1C700A7B62D /* webViewController.swift */ = {isa = PBXFileReference; lastKnownFileType = sourcecode.swift; path = webViewController.swift; sourceTree = "<group>"; };
		C6659A5C2A8E4D70008562B0 /* Ghibli-movie.app */ = {isa = PBXFileReference; explicitFileType = wrapper.application; includeInIndex = 0; path = "Ghibli-movie.app"; sourceTree = BUILT_PRODUCTS_DIR; };
		C6659A5F2A8E4D70008562B0 /* AppDelegate.swift */ = {isa = PBXFileReference; lastKnownFileType = sourcecode.swift; path = AppDelegate.swift; sourceTree = "<group>"; };
		C6659A612A8E4D70008562B0 /* SceneDelegate.swift */ = {isa = PBXFileReference; lastKnownFileType = sourcecode.swift; path = SceneDelegate.swift; sourceTree = "<group>"; };
		C6659A662A8E4D70008562B0 /* Base */ = {isa = PBXFileReference; lastKnownFileType = file.storyboard; name = Base; path = Base.lproj/Main.storyboard; sourceTree = "<group>"; };
		C6659A682A8E4D74008562B0 /* Assets.xcassets */ = {isa = PBXFileReference; lastKnownFileType = folder.assetcatalog; path = Assets.xcassets; sourceTree = "<group>"; };
		C6659A6B2A8E4D74008562B0 /* Base */ = {isa = PBXFileReference; lastKnownFileType = file.storyboard; name = Base; path = Base.lproj/LaunchScreen.storyboard; sourceTree = "<group>"; };
		C6659A6D2A8E4D74008562B0 /* Info.plist */ = {isa = PBXFileReference; lastKnownFileType = text.plist.xml; path = Info.plist; sourceTree = "<group>"; };
		C6659A772A8E5885008562B0 /* ListTableViewCell.swift */ = {isa = PBXFileReference; lastKnownFileType = sourcecode.swift; path = ListTableViewCell.swift; sourceTree = "<group>"; };
		C6659A792A8E58AC008562B0 /* SearchTableViewCell.swift */ = {isa = PBXFileReference; lastKnownFileType = sourcecode.swift; path = SearchTableViewCell.swift; sourceTree = "<group>"; };
		C6659A7B2A8E72E6008562B0 /* Movie.swift */ = {isa = PBXFileReference; lastKnownFileType = sourcecode.swift; path = Movie.swift; sourceTree = "<group>"; };
		C6659A7E2A8F4E76008562B0 /* MovieListViewController.swift */ = {isa = PBXFileReference; lastKnownFileType = sourcecode.swift; path = MovieListViewController.swift; sourceTree = "<group>"; };
/* End PBXFileReference section */

/* Begin PBXFrameworksBuildPhase section */
		C6659A592A8E4D70008562B0 /* Frameworks */ = {
			isa = PBXFrameworksBuildPhase;
			buildActionMask = 2147483647;
			files = (
				C6B21E7E2A8F5B83001018A0 /* Kingfisher in Frameworks */,
			);
			runOnlyForDeploymentPostprocessing = 0;
		};
/* End PBXFrameworksBuildPhase section */

/* Begin PBXGroup section */
		C6659A532A8E4D70008562B0 = {
			isa = PBXGroup;
			children = (
				C6659A5E2A8E4D70008562B0 /* Ghibli-movie */,
				C6659A5D2A8E4D70008562B0 /* Products */,
			);
			sourceTree = "<group>";
		};
		C6659A5D2A8E4D70008562B0 /* Products */ = {
			isa = PBXGroup;
			children = (
				C6659A5C2A8E4D70008562B0 /* Ghibli-movie.app */,
			);
			name = Products;
			sourceTree = "<group>";
		};
		C6659A5E2A8E4D70008562B0 /* Ghibli-movie */ = {
			isa = PBXGroup;
			children = (
				C6659A7D2A8E72EE008562B0 /* models */,
				C6659A762A8E585C008562B0 /* Views */,
				C6659A732A8E517E008562B0 /* View Controllers */,
				C6659A5F2A8E4D70008562B0 /* AppDelegate.swift */,
				C6659A612A8E4D70008562B0 /* SceneDelegate.swift */,
				C6659A652A8E4D70008562B0 /* Main.storyboard */,
				C6659A682A8E4D74008562B0 /* Assets.xcassets */,
				C6659A6A2A8E4D74008562B0 /* LaunchScreen.storyboard */,
				C6659A6D2A8E4D74008562B0 /* Info.plist */,
			);
			path = "Ghibli-movie";
			sourceTree = "<group>";
		};
		C6659A732A8E517E008562B0 /* View Controllers */ = {
			isa = PBXGroup;
			children = (
				C6659A7E2A8F4E76008562B0 /* MovieListViewController.swift */,
				C6473F742A8F88B400A7B62D /* MovieDetailViewController.swift */,
				C6473F762A8FF1C700A7B62D /* webViewController.swift */,
			);
			path = "View Controllers";
			sourceTree = "<group>";
		};
		C6659A762A8E585C008562B0 /* Views */ = {
			isa = PBXGroup;
			children = (
				C6659A772A8E5885008562B0 /* ListTableViewCell.swift */,
				C6659A792A8E58AC008562B0 /* SearchTableViewCell.swift */,
			);
			path = Views;
			sourceTree = "<group>";
		};
		C6659A7D2A8E72EE008562B0 /* models */ = {
			isa = PBXGroup;
			children = (
				C6659A7B2A8E72E6008562B0 /* Movie.swift */,
			);
			path = models;
			sourceTree = "<group>";
		};
/* End PBXGroup section */

/* Begin PBXNativeTarget section */
		C6659A5B2A8E4D70008562B0 /* Ghibli-movie */ = {
			isa = PBXNativeTarget;
			buildConfigurationList = C6659A702A8E4D74008562B0 /* Build configuration list for PBXNativeTarget "Ghibli-movie" */;
			buildPhases = (
				C6659A582A8E4D70008562B0 /* Sources */,
				C6659A592A8E4D70008562B0 /* Frameworks */,
				C6659A5A2A8E4D70008562B0 /* Resources */,
			);
			buildRules = (
			);
			dependencies = (
			);
			name = "Ghibli-movie";
			packageProductDependencies = (
				C6B21E7D2A8F5B83001018A0 /* Kingfisher */,
			);
			productName = "Ghibli-movie";
			productReference = C6659A5C2A8E4D70008562B0 /* Ghibli-movie.app */;
			productType = "com.apple.product-type.application";
		};
/* End PBXNativeTarget section */

/* Begin PBXProject section */
		C6659A542A8E4D70008562B0 /* Project object */ = {
			isa = PBXProject;
			attributes = {
				BuildIndependentTargetsInParallel = 1;
				LastSwiftUpdateCheck = 1500;
				LastUpgradeCheck = 1500;
				TargetAttributes = {
					C6659A5B2A8E4D70008562B0 = {
						CreatedOnToolsVersion = 15.0;
					};
				};
			};
			buildConfigurationList = C6659A572A8E4D70008562B0 /* Build configuration list for PBXProject "Ghibli-movie" */;
			compatibilityVersion = "Xcode 14.0";
			developmentRegion = en;
			hasScannedForEncodings = 0;
			knownRegions = (
				en,
				Base,
			);
			mainGroup = C6659A532A8E4D70008562B0;
			packageReferences = (
				C6B21E7C2A8F5B83001018A0 /* XCRemoteSwiftPackageReference "Kingfisher" */,
			);
			productRefGroup = C6659A5D2A8E4D70008562B0 /* Products */;
			projectDirPath = "";
			projectRoot = "";
			targets = (
				C6659A5B2A8E4D70008562B0 /* Ghibli-movie */,
			);
		};
/* End PBXProject section */

/* Begin PBXResourcesBuildPhase section */
		C6659A5A2A8E4D70008562B0 /* Resources */ = {
			isa = PBXResourcesBuildPhase;
			buildActionMask = 2147483647;
			files = (
				C6659A6C2A8E4D74008562B0 /* LaunchScreen.storyboard in Resources */,
				C6659A692A8E4D74008562B0 /* Assets.xcassets in Resources */,
				C6659A672A8E4D70008562B0 /* Main.storyboard in Resources */,
			);
			runOnlyForDeploymentPostprocessing = 0;
		};
/* End PBXResourcesBuildPhase section */

/* Begin PBXSourcesBuildPhase section */
		C6659A582A8E4D70008562B0 /* Sources */ = {
			isa = PBXSourcesBuildPhase;
			buildActionMask = 2147483647;
			files = (
				C6659A782A8E5885008562B0 /* ListTableViewCell.swift in Sources */,
				C6659A7C2A8E72E6008562B0 /* Movie.swift in Sources */,
				C6659A602A8E4D70008562B0 /* AppDelegate.swift in Sources */,
				C6473F752A8F88B400A7B62D /* MovieDetailViewController.swift in Sources */,
				C6473F772A8FF1C700A7B62D /* webViewController.swift in Sources */,
				C6659A7F2A8F4E76008562B0 /* MovieListViewController.swift in Sources */,
				C6659A622A8E4D70008562B0 /* SceneDelegate.swift in Sources */,
				C6659A7A2A8E58AC008562B0 /* SearchTableViewCell.swift in Sources */,
			);
			runOnlyForDeploymentPostprocessing = 0;
		};
/* End PBXSourcesBuildPhase section */

/* Begin PBXVariantGroup section */
		C6659A652A8E4D70008562B0 /* Main.storyboard */ = {
			isa = PBXVariantGroup;
			children = (
				C6659A662A8E4D70008562B0 /* Base */,
			);
			name = Main.storyboard;
			sourceTree = "<group>";
		};
		C6659A6A2A8E4D74008562B0 /* LaunchScreen.storyboard */ = {
			isa = PBXVariantGroup;
			children = (
				C6659A6B2A8E4D74008562B0 /* Base */,
			);
			name = LaunchScreen.storyboard;
			sourceTree = "<group>";
		};
/* End PBXVariantGroup section */

/* Begin XCBuildConfiguration section */
		C6659A6E2A8E4D74008562B0 /* Debug */ = {
			isa = XCBuildConfiguration;
			buildSettings = {
				ALWAYS_SEARCH_USER_PATHS = NO;
				ASSETCATALOG_COMPILER_GENERATE_SWIFT_ASSET_SYMBOL_EXTENSIONS = YES;
				CLANG_ANALYZER_NONNULL = YES;
				CLANG_ANALYZER_NUMBER_OBJECT_CONVERSION = YES_AGGRESSIVE;
				CLANG_CXX_LANGUAGE_STANDARD = "gnu++20";
				CLANG_ENABLE_MODULES = YES;
				CLANG_ENABLE_OBJC_ARC = YES;
				CLANG_ENABLE_OBJC_WEAK = YES;
				CLANG_WARN_BLOCK_CAPTURE_AUTORELEASING = YES;
				CLANG_WARN_BOOL_CONVERSION = YES;
				CLANG_WARN_COMMA = YES;
				CLANG_WARN_CONSTANT_CONVERSION = YES;
				CLANG_WARN_DEPRECATED_OBJC_IMPLEMENTATIONS = YES;
				CLANG_WARN_DIRECT_OBJC_ISA_USAGE = YES_ERROR;
				CLANG_WARN_DOCUMENTATION_COMMENTS = YES;
				CLANG_WARN_EMPTY_BODY = YES;
				CLANG_WARN_ENUM_CONVERSION = YES;
				CLANG_WARN_INFINITE_RECURSION = YES;
				CLANG_WARN_INT_CONVERSION = YES;
				CLANG_WARN_NON_LITERAL_NULL_CONVERSION = YES;
				CLANG_WARN_OBJC_IMPLICIT_RETAIN_SELF = YES;
				CLANG_WARN_OBJC_LITERAL_CONVERSION = YES;
				CLANG_WARN_OBJC_ROOT_CLASS = YES_ERROR;
				CLANG_WARN_QUOTED_INCLUDE_IN_FRAMEWORK_HEADER = YES;
				CLANG_WARN_RANGE_LOOP_ANALYSIS = YES;
				CLANG_WARN_STRICT_PROTOTYPES = YES;
				CLANG_WARN_SUSPICIOUS_MOVE = YES;
				CLANG_WARN_UNGUARDED_AVAILABILITY = YES_AGGRESSIVE;
				CLANG_WARN_UNREACHABLE_CODE = YES;
				CLANG_WARN__DUPLICATE_METHOD_MATCH = YES;
				COPY_PHASE_STRIP = NO;
				DEBUG_INFORMATION_FORMAT = dwarf;
				ENABLE_STRICT_OBJC_MSGSEND = YES;
				ENABLE_TESTABILITY = YES;
				ENABLE_USER_SCRIPT_SANDBOXING = YES;
				GCC_C_LANGUAGE_STANDARD = gnu17;
				GCC_DYNAMIC_NO_PIC = NO;
				GCC_NO_COMMON_BLOCKS = YES;
				GCC_OPTIMIZATION_LEVEL = 0;
				GCC_PREPROCESSOR_DEFINITIONS = (
					"DEBUG=1",
					"$(inherited)",
				);
				GCC_WARN_64_TO_32_BIT_CONVERSION = YES;
				GCC_WARN_ABOUT_RETURN_TYPE = YES_ERROR;
				GCC_WARN_UNDECLARED_SELECTOR = YES;
				GCC_WARN_UNINITIALIZED_AUTOS = YES_AGGRESSIVE;
				GCC_WARN_UNUSED_FUNCTION = YES;
				GCC_WARN_UNUSED_VARIABLE = YES;
				IPHONEOS_DEPLOYMENT_TARGET = 17.0;
				LOCALIZATION_PREFERS_STRING_CATALOGS = YES;
				MTL_ENABLE_DEBUG_INFO = INCLUDE_SOURCE;
				MTL_FAST_MATH = YES;
				ONLY_ACTIVE_ARCH = YES;
				SDKROOT = iphoneos;
				SWIFT_ACTIVE_COMPILATION_CONDITIONS = "DEBUG $(inherited)";
				SWIFT_OPTIMIZATION_LEVEL = "-Onone";
			};
			name = Debug;
		};
		C6659A6F2A8E4D74008562B0 /* Release */ = {
			isa = XCBuildConfiguration;
			buildSettings = {
				ALWAYS_SEARCH_USER_PATHS = NO;
				ASSETCATALOG_COMPILER_GENERATE_SWIFT_ASSET_SYMBOL_EXTENSIONS = YES;
				CLANG_ANALYZER_NONNULL = YES;
				CLANG_ANALYZER_NUMBER_OBJECT_CONVERSION = YES_AGGRESSIVE;
				CLANG_CXX_LANGUAGE_STANDARD = "gnu++20";
				CLANG_ENABLE_MODULES = YES;
				CLANG_ENABLE_OBJC_ARC = YES;
				CLANG_ENABLE_OBJC_WEAK = YES;
				CLANG_WARN_BLOCK_CAPTURE_AUTORELEASING = YES;
				CLANG_WARN_BOOL_CONVERSION = YES;
				CLANG_WARN_COMMA = YES;
				CLANG_WARN_CONSTANT_CONVERSION = YES;
				CLANG_WARN_DEPRECATED_OBJC_IMPLEMENTATIONS = YES;
				CLANG_WARN_DIRECT_OBJC_ISA_USAGE = YES_ERROR;
				CLANG_WARN_DOCUMENTATION_COMMENTS = YES;
				CLANG_WARN_EMPTY_BODY = YES;
				CLANG_WARN_ENUM_CONVERSION = YES;
				CLANG_WARN_INFINITE_RECURSION = YES;
				CLANG_WARN_INT_CONVERSION = YES;
				CLANG_WARN_NON_LITERAL_NULL_CONVERSION = YES;
				CLANG_WARN_OBJC_IMPLICIT_RETAIN_SELF = YES;
				CLANG_WARN_OBJC_LITERAL_CONVERSION = YES;
				CLANG_WARN_OBJC_ROOT_CLASS = YES_ERROR;
				CLANG_WARN_QUOTED_INCLUDE_IN_FRAMEWORK_HEADER = YES;
				CLANG_WARN_RANGE_LOOP_ANALYSIS = YES;
				CLANG_WARN_STRICT_PROTOTYPES = YES;
				CLANG_WARN_SUSPICIOUS_MOVE = YES;
				CLANG_WARN_UNGUARDED_AVAILABILITY = YES_AGGRESSIVE;
				CLANG_WARN_UNREACHABLE_CODE = YES;
				CLANG_WARN__DUPLICATE_METHOD_MATCH = YES;
				COPY_PHASE_STRIP = NO;
				DEBUG_INFORMATION_FORMAT = "dwarf-with-dsym";
				ENABLE_NS_ASSERTIONS = NO;
				ENABLE_STRICT_OBJC_MSGSEND = YES;
				ENABLE_USER_SCRIPT_SANDBOXING = YES;
				GCC_C_LANGUAGE_STANDARD = gnu17;
				GCC_NO_COMMON_BLOCKS = YES;
				GCC_WARN_64_TO_32_BIT_CONVERSION = YES;
				GCC_WARN_ABOUT_RETURN_TYPE = YES_ERROR;
				GCC_WARN_UNDECLARED_SELECTOR = YES;
				GCC_WARN_UNINITIALIZED_AUTOS = YES_AGGRESSIVE;
				GCC_WARN_UNUSED_FUNCTION = YES;
				GCC_WARN_UNUSED_VARIABLE = YES;
				IPHONEOS_DEPLOYMENT_TARGET = 17.0;
				LOCALIZATION_PREFERS_STRING_CATALOGS = YES;
				MTL_ENABLE_DEBUG_INFO = NO;
				MTL_FAST_MATH = YES;
				SDKROOT = iphoneos;
				SWIFT_COMPILATION_MODE = wholemodule;
				VALIDATE_PRODUCT = YES;
			};
			name = Release;
		};
		C6659A712A8E4D74008562B0 /* Debug */ = {
			isa = XCBuildConfiguration;
			buildSettings = {
				ASSETCATALOG_COMPILER_APPICON_NAME = AppIcon;
				ASSETCATALOG_COMPILER_GLOBAL_ACCENT_COLOR_NAME = AccentColor;
				CODE_SIGN_STYLE = Automatic;
				CURRENT_PROJECT_VERSION = 1;
				DEVELOPMENT_TEAM = L5776AJ2X2;
				GENERATE_INFOPLIST_FILE = YES;
				INFOPLIST_FILE = "Ghibli-movie/Info.plist";
				INFOPLIST_KEY_UIApplicationSupportsIndirectInputEvents = YES;
				INFOPLIST_KEY_UILaunchStoryboardName = LaunchScreen;
				INFOPLIST_KEY_UIMainStoryboardFile = Main;
				INFOPLIST_KEY_UISupportedInterfaceOrientations_iPad = "UIInterfaceOrientationPortrait UIInterfaceOrientationPortraitUpsideDown UIInterfaceOrientationLandscapeLeft UIInterfaceOrientationLandscapeRight";
				INFOPLIST_KEY_UISupportedInterfaceOrientations_iPhone = "UIInterfaceOrientationPortrait UIInterfaceOrientationLandscapeLeft UIInterfaceOrientationLandscapeRight";
				LD_RUNPATH_SEARCH_PATHS = (
					"$(inherited)",
					"@executable_path/Frameworks",
				);
				MARKETING_VERSION = 1.0;
				PRODUCT_BUNDLE_IDENTIFIER = "una.com.Ghibli-movie";
				PRODUCT_NAME = "$(TARGET_NAME)";
				SWIFT_EMIT_LOC_STRINGS = YES;
				SWIFT_VERSION = 5.0;
				TARGETED_DEVICE_FAMILY = "1,2";
			};
			name = Debug;
		};
		C6659A722A8E4D74008562B0 /* Release */ = {
			isa = XCBuildConfiguration;
			buildSettings = {
				ASSETCATALOG_COMPILER_APPICON_NAME = AppIcon;
				ASSETCATALOG_COMPILER_GLOBAL_ACCENT_COLOR_NAME = AccentColor;
				CODE_SIGN_STYLE = Automatic;
				CURRENT_PROJECT_VERSION = 1;
				DEVELOPMENT_TEAM = L5776AJ2X2;
				GENERATE_INFOPLIST_FILE = YES;
				INFOPLIST_FILE = "Ghibli-movie/Info.plist";
				INFOPLIST_KEY_UIApplicationSupportsIndirectInputEvents = YES;
				INFOPLIST_KEY_UILaunchStoryboardName = LaunchScreen;
				INFOPLIST_KEY_UIMainStoryboardFile = Main;
				INFOPLIST_KEY_UISupportedInterfaceOrientations_iPad = "UIInterfaceOrientationPortrait UIInterfaceOrientationPortraitUpsideDown UIInterfaceOrientationLandscapeLeft UIInterfaceOrientationLandscapeRight";
				INFOPLIST_KEY_UISupportedInterfaceOrientations_iPhone = "UIInterfaceOrientationPortrait UIInterfaceOrientationLandscapeLeft UIInterfaceOrientationLandscapeRight";
				LD_RUNPATH_SEARCH_PATHS = (
					"$(inherited)",
					"@executable_path/Frameworks",
				);
				MARKETING_VERSION = 1.0;
				PRODUCT_BUNDLE_IDENTIFIER = "una.com.Ghibli-movie";
				PRODUCT_NAME = "$(TARGET_NAME)";
				SWIFT_EMIT_LOC_STRINGS = YES;
				SWIFT_VERSION = 5.0;
				TARGETED_DEVICE_FAMILY = "1,2";
			};
			name = Release;
		};
/* End XCBuildConfiguration section */

/* Begin XCConfigurationList section */
		C6659A572A8E4D70008562B0 /* Build configuration list for PBXProject "Ghibli-movie" */ = {
			isa = XCConfigurationList;
			buildConfigurations = (
				C6659A6E2A8E4D74008562B0 /* Debug */,
				C6659A6F2A8E4D74008562B0 /* Release */,
			);
			defaultConfigurationIsVisible = 0;
			defaultConfigurationName = Release;
		};
		C6659A702A8E4D74008562B0 /* Build configuration list for PBXNativeTarget "Ghibli-movie" */ = {
			isa = XCConfigurationList;
			buildConfigurations = (
				C6659A712A8E4D74008562B0 /* Debug */,
				C6659A722A8E4D74008562B0 /* Release */,
			);
			defaultConfigurationIsVisible = 0;
			defaultConfigurationName = Release;
		};
/* End XCConfigurationList section */

/* Begin XCRemoteSwiftPackageReference section */
		C6B21E7C2A8F5B83001018A0 /* XCRemoteSwiftPackageReference "Kingfisher" */ = {
			isa = XCRemoteSwiftPackageReference;
			repositoryURL = "https://github.com/onevcat/Kingfisher";
			requirement = {
				kind = upToNextMajorVersion;
				minimumVersion = 7.9.0;
			};
		};
/* End XCRemoteSwiftPackageReference section */

/* Begin XCSwiftPackageProductDependency section */
		C6B21E7D2A8F5B83001018A0 /* Kingfisher */ = {
			isa = XCSwiftPackageProductDependency;
			package = C6B21E7C2A8F5B83001018A0 /* XCRemoteSwiftPackageReference "Kingfisher" */;
			productName = Kingfisher;
		};
/* End XCSwiftPackageProductDependency section */
	};
	rootObject = C6659A542A8E4D70008562B0 /* Project object */;
}
